
Microsoft Visual Studio Solution File, Format Version 12.00
# Visual Studio 14
VisualStudioVersion = 14.0.25420.1
MinimumVisualStudioVersion = 10.0.40219.1
Project("{FAE04EC0-301F-11D3-BF4B-00C04F79EFBC}") = "XamFormsWebSockets", "XamFormsWebSockets\XamFormsWebSockets\XamFormsWebSockets.csproj", "{56134E07-EBE3-45B6-92F8-05E2B3295FE8}"
EndProject
Project("{FAE04EC0-301F-11D3-BF4B-00C04F79EFBC}") = "XamFormsWebSockets.Droid", "XamFormsWebSockets\XamFormsWebSockets.Droid\XamFormsWebSockets.Droid.csproj", "{F11E183D-AF33-4E1E-93F8-6E056CE3233C}"
EndProject
Project("{FAE04EC0-301F-11D3-BF4B-00C04F79EFBC}") = "XamFormsWebSockets.iOS", "XamFormsWebSockets\XamFormsWebSockets.iOS\XamFormsWebSockets.iOS.csproj", "{33F36895-82B4-4FA1-9256-CE5DD4DA6C40}"
EndProject
Project("{FAE04EC0-301F-11D3-BF4B-00C04F79EFBC}") = "XamFormsWebSockets.WinPhone", "XamFormsWebSockets\XamFormsWebSockets.WinPhone\XamFormsWebSockets.WinPhone.csproj", "{F5D896A0-53CC-4DBF-A72C-8BE3E70C875D}"
EndProject
Project("{FAE04EC0-301F-11D3-BF4B-00C04F79EFBC}") = "XamFormsWebSockets.UWP", "XamFormsWebSockets\XamFormsWebSockets.UWP\XamFormsWebSockets.UWP.csproj", "{8E8E00DA-0887-4F91-BB84-EAAFE4B7AA1E}"
EndProject
Project("{FAE04EC0-301F-11D3-BF4B-00C04F79EFBC}") = "XamFormsWebSockets.Windows", "XamFormsWebSockets\XamFormsWebSockets.Windows\XamFormsWebSockets.Windows.csproj", "{065E7634-4C82-4CF3-ACDC-5FB8CA404A8A}"
EndProject
Global
	GlobalSection(SolutionConfigurationPlatforms) = preSolution
		Ad-Hoc|Any CPU = Ad-Hoc|Any CPU
		Ad-Hoc|ARM = Ad-Hoc|ARM
		Ad-Hoc|iPhone = Ad-Hoc|iPhone
		Ad-Hoc|iPhoneSimulator = Ad-Hoc|iPhoneSimulator
		Ad-Hoc|x64 = Ad-Hoc|x64
		Ad-Hoc|x86 = Ad-Hoc|x86
		AppStore|Any CPU = AppStore|Any CPU
		AppStore|ARM = AppStore|ARM
		AppStore|iPhone = AppStore|iPhone
		AppStore|iPhoneSimulator = AppStore|iPhoneSimulator
		AppStore|x64 = AppStore|x64
		AppStore|x86 = AppStore|x86
		Debug|Any CPU = Debug|Any CPU
		Debug|ARM = Debug|ARM
		Debug|iPhone = Debug|iPhone
		Debug|iPhoneSimulator = Debug|iPhoneSimulator
		Debug|x64 = Debug|x64
		Debug|x86 = Debug|x86
		Release|Any CPU = Release|Any CPU
		Release|ARM = Release|ARM
		Release|iPhone = Release|iPhone
		Release|iPhoneSimulator = Release|iPhoneSimulator
		Release|x64 = Release|x64
		Release|x86 = Release|x86
	EndGlobalSection
	GlobalSection(ProjectConfigurationPlatforms) = postSolution
		{56134E07-EBE3-45B6-92F8-05E2B3295FE8}.Ad-Hoc|Any CPU.ActiveCfg = Release|Any CPU
		{56134E07-EBE3-45B6-92F8-05E2B3295FE8}.Ad-Hoc|Any CPU.Build.0 = Release|Any CPU
		{56134E07-EBE3-45B6-92F8-05E2B3295FE8}.Ad-Hoc|ARM.ActiveCfg = Release|Any CPU
		{56134E07-EBE3-45B6-92F8-05E2B3295FE8}.Ad-Hoc|ARM.Build.0 = Release|Any CPU
		{56134E07-EBE3-45B6-92F8-05E2B3295FE8}.Ad-Hoc|iPhone.ActiveCfg = Release|Any CPU
		{56134E07-EBE3-45B6-92F8-05E2B3295FE8}.Ad-Hoc|iPhone.Build.0 = Release|Any CPU
		{56134E07-EBE3-45B6-92F8-05E2B3295FE8}.Ad-Hoc|iPhoneSimulator.ActiveCfg = Release|Any CPU
		{56134E07-EBE3-45B6-92F8-05E2B3295FE8}.Ad-Hoc|iPhoneSimulator.Build.0 = Release|Any CPU
		{56134E07-EBE3-45B6-92F8-05E2B3295FE8}.Ad-Hoc|x64.ActiveCfg = Release|Any CPU
		{56134E07-EBE3-45B6-92F8-05E2B3295FE8}.Ad-Hoc|x64.Build.0 = Release|Any CPU
		{56134E07-EBE3-45B6-92F8-05E2B3295FE8}.Ad-Hoc|x86.ActiveCfg = Release|Any CPU
		{56134E07-EBE3-45B6-92F8-05E2B3295FE8}.Ad-Hoc|x86.Build.0 = Release|Any CPU
		{56134E07-EBE3-45B6-92F8-05E2B3295FE8}.AppStore|Any CPU.ActiveCfg = Release|Any CPU
		{56134E07-EBE3-45B6-92F8-05E2B3295FE8}.AppStore|Any CPU.Build.0 = Release|Any CPU
		{56134E07-EBE3-45B6-92F8-05E2B3295FE8}.AppStore|ARM.ActiveCfg = Release|Any CPU
		{56134E07-EBE3-45B6-92F8-05E2B3295FE8}.AppStore|ARM.Build.0 = Release|Any CPU
		{56134E07-EBE3-45B6-92F8-05E2B3295FE8}.AppStore|iPhone.ActiveCfg = Release|Any CPU
		{56134E07-EBE3-45B6-92F8-05E2B3295FE8}.AppStore|iPhone.Build.0 = Release|Any CPU
		{56134E07-EBE3-45B6-92F8-05E2B3295FE8}.AppStore|iPhoneSimulator.ActiveCfg = Release|Any CPU
		{56134E07-EBE3-45B6-92F8-05E2B3295FE8}.AppStore|iPhoneSimulator.Build.0 = Release|Any CPU
		{56134E07-EBE3-45B6-92F8-05E2B3295FE8}.AppStore|x64.ActiveCfg = Release|Any CPU
		{56134E07-EBE3-45B6-92F8-05E2B3295FE8}.AppStore|x64.Build.0 = Release|Any CPU
		{56134E07-EBE3-45B6-92F8-05E2B3295FE8}.AppStore|x86.ActiveCfg = Release|Any CPU
		{56134E07-EBE3-45B6-92F8-05E2B3295FE8}.AppStore|x86.Build.0 = Release|Any CPU
		{56134E07-EBE3-45B6-92F8-05E2B3295FE8}.Debug|Any CPU.ActiveCfg = Debug|Any CPU
		{56134E07-EBE3-45B6-92F8-05E2B3295FE8}.Debug|Any CPU.Build.0 = Debug|Any CPU
		{56134E07-EBE3-45B6-92F8-05E2B3295FE8}.Debug|ARM.ActiveCfg = Debug|Any CPU
		{56134E07-EBE3-45B6-92F8-05E2B3295FE8}.Debug|ARM.Build.0 = Debug|Any CPU
		{56134E07-EBE3-45B6-92F8-05E2B3295FE8}.Debug|iPhone.ActiveCfg = Debug|Any CPU
		{56134E07-EBE3-45B6-92F8-05E2B3295FE8}.Debug|iPhone.Build.0 = Debug|Any CPU
		{56134E07-EBE3-45B6-92F8-05E2B3295FE8}.Debug|iPhoneSimulator.ActiveCfg = Debug|Any CPU
		{56134E07-EBE3-45B6-92F8-05E2B3295FE8}.Debug|iPhoneSimulator.Build.0 = Debug|Any CPU
		{56134E07-EBE3-45B6-92F8-05E2B3295FE8}.Debug|x64.ActiveCfg = Debug|Any CPU
		{56134E07-EBE3-45B6-92F8-05E2B3295FE8}.Debug|x64.Build.0 = Debug|Any CPU
		{56134E07-EBE3-45B6-92F8-05E2B3295FE8}.Debug|x86.ActiveCfg = Debug|Any CPU
		{56134E07-EBE3-45B6-92F8-05E2B3295FE8}.Debug|x86.Build.0 = Debug|Any CPU
		{56134E07-EBE3-45B6-92F8-05E2B3295FE8}.Release|Any CPU.ActiveCfg = Release|Any CPU
		{56134E07-EBE3-45B6-92F8-05E2B3295FE8}.Release|Any CPU.Build.0 = Release|Any CPU
		{56134E07-EBE3-45B6-92F8-05E2B3295FE8}.Release|ARM.ActiveCfg = Release|Any CPU
		{56134E07-EBE3-45B6-92F8-05E2B3295FE8}.Release|ARM.Build.0 = Release|Any CPU
		{56134E07-EBE3-45B6-92F8-05E2B3295FE8}.Release|iPhone.ActiveCfg = Release|Any CPU
		{56134E07-EBE3-45B6-92F8-05E2B3295FE8}.Release|iPhone.Build.0 = Release|Any CPU
		{56134E07-EBE3-45B6-92F8-05E2B3295FE8}.Release|iPhoneSimulator.ActiveCfg = Release|Any CPU
		{56134E07-EBE3-45B6-92F8-05E2B3295FE8}.Release|iPhoneSimulator.Build.0 = Release|Any CPU
		{56134E07-EBE3-45B6-92F8-05E2B3295FE8}.Release|x64.ActiveCfg = Release|Any CPU
		{56134E07-EBE3-45B6-92F8-05E2B3295FE8}.Release|x64.Build.0 = Release|Any CPU
		{56134E07-EBE3-45B6-92F8-05E2B3295FE8}.Release|x86.ActiveCfg = Release|Any CPU
		{56134E07-EBE3-45B6-92F8-05E2B3295FE8}.Release|x86.Build.0 = Release|Any CPU
		{F11E183D-AF33-4E1E-93F8-6E056CE3233C}.Ad-Hoc|Any CPU.ActiveCfg = Release|Any CPU
		{F11E183D-AF33-4E1E-93F8-6E056CE3233C}.Ad-Hoc|Any CPU.Build.0 = Release|Any CPU
		{F11E183D-AF33-4E1E-93F8-6E056CE3233C}.Ad-Hoc|Any CPU.Deploy.0 = Release|Any CPU
		{F11E183D-AF33-4E1E-93F8-6E056CE3233C}.Ad-Hoc|ARM.ActiveCfg = Release|Any CPU
		{F11E183D-AF33-4E1E-93F8-6E056CE3233C}.Ad-Hoc|ARM.Build.0 = Release|Any CPU
		{F11E183D-AF33-4E1E-93F8-6E056CE3233C}.Ad-Hoc|ARM.Deploy.0 = Release|Any CPU
		{F11E183D-AF33-4E1E-93F8-6E056CE3233C}.Ad-Hoc|iPhone.ActiveCfg = Release|Any CPU
		{F11E183D-AF33-4E1E-93F8-6E056CE3233C}.Ad-Hoc|iPhone.Build.0 = Release|Any CPU
		{F11E183D-AF33-4E1E-93F8-6E056CE3233C}.Ad-Hoc|iPhone.Deploy.0 = Release|Any CPU
		{F11E183D-AF33-4E1E-93F8-6E056CE3233C}.Ad-Hoc|iPhoneSimulator.ActiveCfg = Release|Any CPU
		{F11E183D-AF33-4E1E-93F8-6E056CE3233C}.Ad-Hoc|iPhoneSimulator.Build.0 = Release|Any CPU
		{F11E183D-AF33-4E1E-93F8-6E056CE3233C}.Ad-Hoc|iPhoneSimulator.Deploy.0 = Release|Any CPU
		{F11E183D-AF33-4E1E-93F8-6E056CE3233C}.Ad-Hoc|x64.ActiveCfg = Release|Any CPU
		{F11E183D-AF33-4E1E-93F8-6E056CE3233C}.Ad-Hoc|x64.Build.0 = Release|Any CPU
		{F11E183D-AF33-4E1E-93F8-6E056CE3233C}.Ad-Hoc|x64.Deploy.0 = Release|Any CPU
		{F11E183D-AF33-4E1E-93F8-6E056CE3233C}.Ad-Hoc|x86.ActiveCfg = Release|Any CPU
		{F11E183D-AF33-4E1E-93F8-6E056CE3233C}.Ad-Hoc|x86.Build.0 = Release|Any CPU
		{F11E183D-AF33-4E1E-93F8-6E056CE3233C}.Ad-Hoc|x86.Deploy.0 = Release|Any CPU
		{F11E183D-AF33-4E1E-93F8-6E056CE3233C}.AppStore|Any CPU.ActiveCfg = Release|Any CPU
		{F11E183D-AF33-4E1E-93F8-6E056CE3233C}.AppStore|Any CPU.Build.0 = Release|Any CPU
		{F11E183D-AF33-4E1E-93F8-6E056CE3233C}.AppStore|Any CPU.Deploy.0 = Release|Any CPU
		{F11E183D-AF33-4E1E-93F8-6E056CE3233C}.AppStore|ARM.ActiveCfg = Release|Any CPU
		{F11E183D-AF33-4E1E-93F8-6E056CE3233C}.AppStore|ARM.Build.0 = Release|Any CPU
		{F11E183D-AF33-4E1E-93F8-6E056CE3233C}.AppStore|ARM.Deploy.0 = Release|Any CPU
		{F11E183D-AF33-4E1E-93F8-6E056CE3233C}.AppStore|iPhone.ActiveCfg = Release|Any CPU
		{F11E183D-AF33-4E1E-93F8-6E056CE3233C}.AppStore|iPhone.Build.0 = Release|Any CPU
		{F11E183D-AF33-4E1E-93F8-6E056CE3233C}.AppStore|iPhone.Deploy.0 = Release|Any CPU
		{F11E183D-AF33-4E1E-93F8-6E056CE3233C}.AppStore|iPhoneSimulator.ActiveCfg = Release|Any CPU
		{F11E183D-AF33-4E1E-93F8-6E056CE3233C}.AppStore|iPhoneSimulator.Build.0 = Release|Any CPU
		{F11E183D-AF33-4E1E-93F8-6E056CE3233C}.AppStore|iPhoneSimulator.Deploy.0 = Release|Any CPU
		{F11E183D-AF33-4E1E-93F8-6E056CE3233C}.AppStore|x64.ActiveCfg = Release|Any CPU
		{F11E183D-AF33-4E1E-93F8-6E056CE3233C}.AppStore|x64.Build.0 = Release|Any CPU
		{F11E183D-AF33-4E1E-93F8-6E056CE3233C}.AppStore|x64.Deploy.0 = Release|Any CPU
		{F11E183D-AF33-4E1E-93F8-6E056CE3233C}.AppStore|x86.ActiveCfg = Release|Any CPU
		{F11E183D-AF33-4E1E-93F8-6E056CE3233C}.AppStore|x86.Build.0 = Release|Any CPU
		{F11E183D-AF33-4E1E-93F8-6E056CE3233C}.AppStore|x86.Deploy.0 = Release|Any CPU
		{F11E183D-AF33-4E1E-93F8-6E056CE3233C}.Debug|Any CPU.ActiveCfg = Debug|Any CPU
		{F11E183D-AF33-4E1E-93F8-6E056CE3233C}.Debug|Any CPU.Build.0 = Debug|Any CPU
		{F11E183D-AF33-4E1E-93F8-6E056CE3233C}.Debug|Any CPU.Deploy.0 = Debug|Any CPU
		{F11E183D-AF33-4E1E-93F8-6E056CE3233C}.Debug|ARM.ActiveCfg = Debug|Any CPU
		{F11E183D-AF33-4E1E-93F8-6E056CE3233C}.Debug|ARM.Build.0 = Debug|Any CPU
		{F11E183D-AF33-4E1E-93F8-6E056CE3233C}.Debug|ARM.Deploy.0 = Debug|Any CPU
		{F11E183D-AF33-4E1E-93F8-6E056CE3233C}.Debug|iPhone.ActiveCfg = Debug|Any CPU
		{F11E183D-AF33-4E1E-93F8-6E056CE3233C}.Debug|iPhone.Build.0 = Debug|Any CPU
		{F11E183D-AF33-4E1E-93F8-6E056CE3233C}.Debug|iPhone.Deploy.0 = Debug|Any CPU
		{F11E183D-AF33-4E1E-93F8-6E056CE3233C}.Debug|iPhoneSimulator.ActiveCfg = Debug|Any CPU
		{F11E183D-AF33-4E1E-93F8-6E056CE3233C}.Debug|iPhoneSimulator.Build.0 = Debug|Any CPU
		{F11E183D-AF33-4E1E-93F8-6E056CE3233C}.Debug|iPhoneSimulator.Deploy.0 = Debug|Any CPU
		{F11E183D-AF33-4E1E-93F8-6E056CE3233C}.Debug|x64.ActiveCfg = Debug|Any CPU
		{F11E183D-AF33-4E1E-93F8-6E056CE3233C}.Debug|x64.Build.0 = Debug|Any CPU
		{F11E183D-AF33-4E1E-93F8-6E056CE3233C}.Debug|x64.Deploy.0 = Debug|Any CPU
		{F11E183D-AF33-4E1E-93F8-6E056CE3233C}.Debug|x86.ActiveCfg = Debug|Any CPU
		{F11E183D-AF33-4E1E-93F8-6E056CE3233C}.Debug|x86.Build.0 = Debug|Any CPU
		{F11E183D-AF33-4E1E-93F8-6E056CE3233C}.Debug|x86.Deploy.0 = Debug|Any CPU
		{F11E183D-AF33-4E1E-93F8-6E056CE3233C}.Release|Any CPU.ActiveCfg = Release|Any CPU
		{F11E183D-AF33-4E1E-93F8-6E056CE3233C}.Release|Any CPU.Build.0 = Release|Any CPU
		{F11E183D-AF33-4E1E-93F8-6E056CE3233C}.Release|Any CPU.Deploy.0 = Release|Any CPU
		{F11E183D-AF33-4E1E-93F8-6E056CE3233C}.Release|ARM.ActiveCfg = Release|Any CPU
		{F11E183D-AF33-4E1E-93F8-6E056CE3233C}.Release|ARM.Build.0 = Release|Any CPU
		{F11E183D-AF33-4E1E-93F8-6E056CE3233C}.Release|ARM.Deploy.0 = Release|Any CPU
		{F11E183D-AF33-4E1E-93F8-6E056CE3233C}.Release|iPhone.ActiveCfg = Release|Any CPU
		{F11E183D-AF33-4E1E-93F8-6E056CE3233C}.Release|iPhone.Build.0 = Release|Any CPU
		{F11E183D-AF33-4E1E-93F8-6E056CE3233C}.Release|iPhone.Deploy.0 = Release|Any CPU
		{F11E183D-AF33-4E1E-93F8-6E056CE3233C}.Release|iPhoneSimulator.ActiveCfg = Release|Any CPU
		{F11E183D-AF33-4E1E-93F8-6E056CE3233C}.Release|iPhoneSimulator.Build.0 = Release|Any CPU
		{F11E183D-AF33-4E1E-93F8-6E056CE3233C}.Release|iPhoneSimulator.Deploy.0 = Release|Any CPU
		{F11E183D-AF33-4E1E-93F8-6E056CE3233C}.Release|x64.ActiveCfg = Release|Any CPU
		{F11E183D-AF33-4E1E-93F8-6E056CE3233C}.Release|x64.Build.0 = Release|Any CPU
		{F11E183D-AF33-4E1E-93F8-6E056CE3233C}.Release|x64.Deploy.0 = Release|Any CPU
		{F11E183D-AF33-4E1E-93F8-6E056CE3233C}.Release|x86.ActiveCfg = Release|Any CPU
		{F11E183D-AF33-4E1E-93F8-6E056CE3233C}.Release|x86.Build.0 = Release|Any CPU
		{F11E183D-AF33-4E1E-93F8-6E056CE3233C}.Release|x86.Deploy.0 = Release|Any CPU
		{33F36895-82B4-4FA1-9256-CE5DD4DA6C40}.Ad-Hoc|Any CPU.ActiveCfg = Ad-Hoc|iPhone
		{33F36895-82B4-4FA1-9256-CE5DD4DA6C40}.Ad-Hoc|ARM.ActiveCfg = Ad-Hoc|iPhone
		{33F36895-82B4-4FA1-9256-CE5DD4DA6C40}.Ad-Hoc|iPhone.ActiveCfg = Ad-Hoc|iPhone
		{33F36895-82B4-4FA1-9256-CE5DD4DA6C40}.Ad-Hoc|iPhone.Build.0 = Ad-Hoc|iPhone
		{33F36895-82B4-4FA1-9256-CE5DD4DA6C40}.Ad-Hoc|iPhoneSimulator.ActiveCfg = Ad-Hoc|iPhoneSimulator
		{33F36895-82B4-4FA1-9256-CE5DD4DA6C40}.Ad-Hoc|iPhoneSimulator.Build.0 = Ad-Hoc|iPhoneSimulator
		{33F36895-82B4-4FA1-9256-CE5DD4DA6C40}.Ad-Hoc|x64.ActiveCfg = Ad-Hoc|iPhone
		{33F36895-82B4-4FA1-9256-CE5DD4DA6C40}.Ad-Hoc|x86.ActiveCfg = Ad-Hoc|iPhone
		{33F36895-82B4-4FA1-9256-CE5DD4DA6C40}.AppStore|Any CPU.ActiveCfg = AppStore|iPhone
		{33F36895-82B4-4FA1-9256-CE5DD4DA6C40}.AppStore|ARM.ActiveCfg = AppStore|iPhone
		{33F36895-82B4-4FA1-9256-CE5DD4DA6C40}.AppStore|iPhone.ActiveCfg = AppStore|iPhone
		{33F36895-82B4-4FA1-9256-CE5DD4DA6C40}.AppStore|iPhone.Build.0 = AppStore|iPhone
		{33F36895-82B4-4FA1-9256-CE5DD4DA6C40}.AppStore|iPhoneSimulator.ActiveCfg = AppStore|iPhoneSimulator
		{33F36895-82B4-4FA1-9256-CE5DD4DA6C40}.AppStore|iPhoneSimulator.Build.0 = AppStore|iPhoneSimulator
		{33F36895-82B4-4FA1-9256-CE5DD4DA6C40}.AppStore|x64.ActiveCfg = AppStore|iPhone
		{33F36895-82B4-4FA1-9256-CE5DD4DA6C40}.AppStore|x86.ActiveCfg = AppStore|iPhone
		{33F36895-82B4-4FA1-9256-CE5DD4DA6C40}.Debug|Any CPU.ActiveCfg = Debug|iPhone
		{33F36895-82B4-4FA1-9256-CE5DD4DA6C40}.Debug|ARM.ActiveCfg = Debug|iPhone
		{33F36895-82B4-4FA1-9256-CE5DD4DA6C40}.Debug|iPhone.ActiveCfg = Debug|iPhone
		{33F36895-82B4-4FA1-9256-CE5DD4DA6C40}.Debug|iPhone.Build.0 = Debug|iPhone
		{33F36895-82B4-4FA1-9256-CE5DD4DA6C40}.Debug|iPhoneSimulator.ActiveCfg = Debug|iPhoneSimulator
		{33F36895-82B4-4FA1-9256-CE5DD4DA6C40}.Debug|iPhoneSimulator.Build.0 = Debug|iPhoneSimulator
		{33F36895-82B4-4FA1-9256-CE5DD4DA6C40}.Debug|x64.ActiveCfg = Debug|iPhone
		{33F36895-82B4-4FA1-9256-CE5DD4DA6C40}.Debug|x86.ActiveCfg = Debug|iPhone
		{33F36895-82B4-4FA1-9256-CE5DD4DA6C40}.Release|Any CPU.ActiveCfg = Release|iPhone
		{33F36895-82B4-4FA1-9256-CE5DD4DA6C40}.Release|ARM.ActiveCfg = Release|iPhone
		{33F36895-82B4-4FA1-9256-CE5DD4DA6C40}.Release|iPhone.ActiveCfg = Release|iPhone
		{33F36895-82B4-4FA1-9256-CE5DD4DA6C40}.Release|iPhone.Build.0 = Release|iPhone
		{33F36895-82B4-4FA1-9256-CE5DD4DA6C40}.Release|iPhoneSimulator.ActiveCfg = Release|iPhoneSimulator
		{33F36895-82B4-4FA1-9256-CE5DD4DA6C40}.Release|iPhoneSimulator.Build.0 = Release|iPhoneSimulator
		{33F36895-82B4-4FA1-9256-CE5DD4DA6C40}.Release|x64.ActiveCfg = Release|iPhone
		{33F36895-82B4-4FA1-9256-CE5DD4DA6C40}.Release|x86.ActiveCfg = Release|iPhone
		{F5D896A0-53CC-4DBF-A72C-8BE3E70C875D}.Ad-Hoc|Any CPU.ActiveCfg = Release|Any CPU
		{F5D896A0-53CC-4DBF-A72C-8BE3E70C875D}.Ad-Hoc|Any CPU.Build.0 = Release|Any CPU
		{F5D896A0-53CC-4DBF-A72C-8BE3E70C875D}.Ad-Hoc|Any CPU.Deploy.0 = Release|Any CPU
		{F5D896A0-53CC-4DBF-A72C-8BE3E70C875D}.Ad-Hoc|ARM.ActiveCfg = Release|ARM
		{F5D896A0-53CC-4DBF-A72C-8BE3E70C875D}.Ad-Hoc|ARM.Build.0 = Release|ARM
		{F5D896A0-53CC-4DBF-A72C-8BE3E70C875D}.Ad-Hoc|ARM.Deploy.0 = Release|ARM
		{F5D896A0-53CC-4DBF-A72C-8BE3E70C875D}.Ad-Hoc|iPhone.ActiveCfg = Release|Any CPU
		{F5D896A0-53CC-4DBF-A72C-8BE3E70C875D}.Ad-Hoc|iPhone.Build.0 = Release|Any CPU
		{F5D896A0-53CC-4DBF-A72C-8BE3E70C875D}.Ad-Hoc|iPhone.Deploy.0 = Release|Any CPU
		{F5D896A0-53CC-4DBF-A72C-8BE3E70C875D}.Ad-Hoc|iPhoneSimulator.ActiveCfg = Release|Any CPU
		{F5D896A0-53CC-4DBF-A72C-8BE3E70C875D}.Ad-Hoc|iPhoneSimulator.Build.0 = Release|Any CPU
		{F5D896A0-53CC-4DBF-A72C-8BE3E70C875D}.Ad-Hoc|iPhoneSimulator.Deploy.0 = Release|Any CPU
		{F5D896A0-53CC-4DBF-A72C-8BE3E70C875D}.Ad-Hoc|x64.ActiveCfg = Release|Any CPU
		{F5D896A0-53CC-4DBF-A72C-8BE3E70C875D}.Ad-Hoc|x64.Build.0 = Release|Any CPU
		{F5D896A0-53CC-4DBF-A72C-8BE3E70C875D}.Ad-Hoc|x64.Deploy.0 = Release|Any CPU
		{F5D896A0-53CC-4DBF-A72C-8BE3E70C875D}.Ad-Hoc|x86.ActiveCfg = Release|x86
		{F5D896A0-53CC-4DBF-A72C-8BE3E70C875D}.Ad-Hoc|x86.Build.0 = Release|x86
		{F5D896A0-53CC-4DBF-A72C-8BE3E70C875D}.Ad-Hoc|x86.Deploy.0 = Release|x86
		{F5D896A0-53CC-4DBF-A72C-8BE3E70C875D}.AppStore|Any CPU.ActiveCfg = Release|Any CPU
		{F5D896A0-53CC-4DBF-A72C-8BE3E70C875D}.AppStore|Any CPU.Build.0 = Release|Any CPU
		{F5D896A0-53CC-4DBF-A72C-8BE3E70C875D}.AppStore|Any CPU.Deploy.0 = Release|Any CPU
		{F5D896A0-53CC-4DBF-A72C-8BE3E70C875D}.AppStore|ARM.ActiveCfg = Release|ARM
		{F5D896A0-53CC-4DBF-A72C-8BE3E70C875D}.AppStore|ARM.Build.0 = Release|ARM
		{F5D896A0-53CC-4DBF-A72C-8BE3E70C875D}.AppStore|ARM.Deploy.0 = Release|ARM
		{F5D896A0-53CC-4DBF-A72C-8BE3E70C875D}.AppStore|iPhone.ActiveCfg = Release|Any CPU
		{F5D896A0-53CC-4DBF-A72C-8BE3E70C875D}.AppStore|iPhone.Build.0 = Release|Any CPU
		{F5D896A0-53CC-4DBF-A72C-8BE3E70C875D}.AppStore|iPhone.Deploy.0 = Release|Any CPU
		{F5D896A0-53CC-4DBF-A72C-8BE3E70C875D}.AppStore|iPhoneSimulator.ActiveCfg = Release|Any CPU
		{F5D896A0-53CC-4DBF-A72C-8BE3E70C875D}.AppStore|iPhoneSimulator.Build.0 = Release|Any CPU
		{F5D896A0-53CC-4DBF-A72C-8BE3E70C875D}.AppStore|iPhoneSimulator.Deploy.0 = Release|Any CPU
		{F5D896A0-53CC-4DBF-A72C-8BE3E70C875D}.AppStore|x64.ActiveCfg = Release|Any CPU
		{F5D896A0-53CC-4DBF-A72C-8BE3E70C875D}.AppStore|x64.Build.0 = Release|Any CPU
		{F5D896A0-53CC-4DBF-A72C-8BE3E70C875D}.AppStore|x64.Deploy.0 = Release|Any CPU
		{F5D896A0-53CC-4DBF-A72C-8BE3E70C875D}.AppStore|x86.ActiveCfg = Release|x86
		{F5D896A0-53CC-4DBF-A72C-8BE3E70C875D}.AppStore|x86.Build.0 = Release|x86
		{F5D896A0-53CC-4DBF-A72C-8BE3E70C875D}.AppStore|x86.Deploy.0 = Release|x86
		{F5D896A0-53CC-4DBF-A72C-8BE3E70C875D}.Debug|Any CPU.ActiveCfg = Debug|Any CPU
		{F5D896A0-53CC-4DBF-A72C-8BE3E70C875D}.Debug|Any CPU.Build.0 = Debug|Any CPU
		{F5D896A0-53CC-4DBF-A72C-8BE3E70C875D}.Debug|Any CPU.Deploy.0 = Debug|Any CPU
		{F5D896A0-53CC-4DBF-A72C-8BE3E70C875D}.Debug|ARM.ActiveCfg = Debug|ARM
		{F5D896A0-53CC-4DBF-A72C-8BE3E70C875D}.Debug|ARM.Build.0 = Debug|ARM
		{F5D896A0-53CC-4DBF-A72C-8BE3E70C875D}.Debug|ARM.Deploy.0 = Debug|ARM
		{F5D896A0-53CC-4DBF-A72C-8BE3E70C875D}.Debug|iPhone.ActiveCfg = Debug|Any CPU
		{F5D896A0-53CC-4DBF-A72C-8BE3E70C875D}.Debug|iPhone.Build.0 = Debug|Any CPU
		{F5D896A0-53CC-4DBF-A72C-8BE3E70C875D}.Debug|iPhone.Deploy.0 = Debug|Any CPU
		{F5D896A0-53CC-4DBF-A72C-8BE3E70C875D}.Debug|iPhoneSimulator.ActiveCfg = Debug|Any CPU
		{F5D896A0-53CC-4DBF-A72C-8BE3E70C875D}.Debug|iPhoneSimulator.Build.0 = Debug|Any CPU
		{F5D896A0-53CC-4DBF-A72C-8BE3E70C875D}.Debug|iPhoneSimulator.Deploy.0 = Debug|Any CPU
		{F5D896A0-53CC-4DBF-A72C-8BE3E70C875D}.Debug|x64.ActiveCfg = Debug|Any CPU
		{F5D896A0-53CC-4DBF-A72C-8BE3E70C875D}.Debug|x64.Build.0 = Debug|Any CPU
		{F5D896A0-53CC-4DBF-A72C-8BE3E70C875D}.Debug|x64.Deploy.0 = Debug|Any CPU
		{F5D896A0-53CC-4DBF-A72C-8BE3E70C875D}.Debug|x86.ActiveCfg = Debug|x86
		{F5D896A0-53CC-4DBF-A72C-8BE3E70C875D}.Debug|x86.Build.0 = Debug|x86
		{F5D896A0-53CC-4DBF-A72C-8BE3E70C875D}.Debug|x86.Deploy.0 = Debug|x86
		{F5D896A0-53CC-4DBF-A72C-8BE3E70C875D}.Release|Any CPU.ActiveCfg = Release|Any CPU
		{F5D896A0-53CC-4DBF-A72C-8BE3E70C875D}.Release|Any CPU.Build.0 = Release|Any CPU
		{F5D896A0-53CC-4DBF-A72C-8BE3E70C875D}.Release|Any CPU.Deploy.0 = Release|Any CPU
		{F5D896A0-53CC-4DBF-A72C-8BE3E70C875D}.Release|ARM.ActiveCfg = Release|ARM
		{F5D896A0-53CC-4DBF-A72C-8BE3E70C875D}.Release|ARM.Build.0 = Release|ARM
		{F5D896A0-53CC-4DBF-A72C-8BE3E70C875D}.Release|ARM.Deploy.0 = Release|ARM
		{F5D896A0-53CC-4DBF-A72C-8BE3E70C875D}.Release|iPhone.ActiveCfg = Release|Any CPU
		{F5D896A0-53CC-4DBF-A72C-8BE3E70C875D}.Release|iPhone.Build.0 = Release|Any CPU
		{F5D896A0-53CC-4DBF-A72C-8BE3E70C875D}.Release|iPhone.Deploy.0 = Release|Any CPU
		{F5D896A0-53CC-4DBF-A72C-8BE3E70C875D}.Release|iPhoneSimulator.ActiveCfg = Release|Any CPU
		{F5D896A0-53CC-4DBF-A72C-8BE3E70C875D}.Release|iPhoneSimulator.Build.0 = Release|Any CPU
		{F5D896A0-53CC-4DBF-A72C-8BE3E70C875D}.Release|iPhoneSimulator.Deploy.0 = Release|Any CPU
		{F5D896A0-53CC-4DBF-A72C-8BE3E70C875D}.Release|x64.ActiveCfg = Release|Any CPU
		{F5D896A0-53CC-4DBF-A72C-8BE3E70C875D}.Release|x64.Build.0 = Release|Any CPU
		{F5D896A0-53CC-4DBF-A72C-8BE3E70C875D}.Release|x64.Deploy.0 = Release|Any CPU
		{F5D896A0-53CC-4DBF-A72C-8BE3E70C875D}.Release|x86.ActiveCfg = Release|x86
		{F5D896A0-53CC-4DBF-A72C-8BE3E70C875D}.Release|x86.Build.0 = Release|x86
		{F5D896A0-53CC-4DBF-A72C-8BE3E70C875D}.Release|x86.Deploy.0 = Release|x86
		{8E8E00DA-0887-4F91-BB84-EAAFE4B7AA1E}.Ad-Hoc|Any CPU.ActiveCfg = Release|x86
		{8E8E00DA-0887-4F91-BB84-EAAFE4B7AA1E}.Ad-Hoc|Any CPU.Build.0 = Release|x86
		{8E8E00DA-0887-4F91-BB84-EAAFE4B7AA1E}.Ad-Hoc|Any CPU.Deploy.0 = Release|x86
		{8E8E00DA-0887-4F91-BB84-EAAFE4B7AA1E}.Ad-Hoc|ARM.ActiveCfg = Release|ARM
		{8E8E00DA-0887-4F91-BB84-EAAFE4B7AA1E}.Ad-Hoc|ARM.Build.0 = Release|ARM
		{8E8E00DA-0887-4F91-BB84-EAAFE4B7AA1E}.Ad-Hoc|ARM.Deploy.0 = Release|ARM
		{8E8E00DA-0887-4F91-BB84-EAAFE4B7AA1E}.Ad-Hoc|iPhone.ActiveCfg = Release|x86
		{8E8E00DA-0887-4F91-BB84-EAAFE4B7AA1E}.Ad-Hoc|iPhone.Build.0 = Release|x86
		{8E8E00DA-0887-4F91-BB84-EAAFE4B7AA1E}.Ad-Hoc|iPhone.Deploy.0 = Release|x86
		{8E8E00DA-0887-4F91-BB84-EAAFE4B7AA1E}.Ad-Hoc|iPhoneSimulator.ActiveCfg = Release|x86
		{8E8E00DA-0887-4F91-BB84-EAAFE4B7AA1E}.Ad-Hoc|iPhoneSimulator.Build.0 = Release|x86
		{8E8E00DA-0887-4F91-BB84-EAAFE4B7AA1E}.Ad-Hoc|iPhoneSimulator.Deploy.0 = Release|x86
		{8E8E00DA-0887-4F91-BB84-EAAFE4B7AA1E}.Ad-Hoc|x64.ActiveCfg = Release|x64
		{8E8E00DA-0887-4F91-BB84-EAAFE4B7AA1E}.Ad-Hoc|x64.Build.0 = Release|x64
		{8E8E00DA-0887-4F91-BB84-EAAFE4B7AA1E}.Ad-Hoc|x64.Deploy.0 = Release|x64
		{8E8E00DA-0887-4F91-BB84-EAAFE4B7AA1E}.Ad-Hoc|x86.ActiveCfg = Release|x86
		{8E8E00DA-0887-4F91-BB84-EAAFE4B7AA1E}.Ad-Hoc|x86.Build.0 = Release|x86
		{8E8E00DA-0887-4F91-BB84-EAAFE4B7AA1E}.Ad-Hoc|x86.Deploy.0 = Release|x86
		{8E8E00DA-0887-4F91-BB84-EAAFE4B7AA1E}.AppStore|Any CPU.ActiveCfg = Release|x86
		{8E8E00DA-0887-4F91-BB84-EAAFE4B7AA1E}.AppStore|Any CPU.Build.0 = Release|x86
		{8E8E00DA-0887-4F91-BB84-EAAFE4B7AA1E}.AppStore|Any CPU.Deploy.0 = Release|x86
		{8E8E00DA-0887-4F91-BB84-EAAFE4B7AA1E}.AppStore|ARM.ActiveCfg = Release|ARM
		{8E8E00DA-0887-4F91-BB84-EAAFE4B7AA1E}.AppStore|ARM.Build.0 = Release|ARM
		{8E8E00DA-0887-4F91-BB84-EAAFE4B7AA1E}.AppStore|ARM.Deploy.0 = Release|ARM
		{8E8E00DA-0887-4F91-BB84-EAAFE4B7AA1E}.AppStore|iPhone.ActiveCfg = Release|x86
		{8E8E00DA-0887-4F91-BB84-EAAFE4B7AA1E}.AppStore|iPhone.Build.0 = Release|x86
		{8E8E00DA-0887-4F91-BB84-EAAFE4B7AA1E}.AppStore|iPhone.Deploy.0 = Release|x86
		{8E8E00DA-0887-4F91-BB84-EAAFE4B7AA1E}.AppStore|iPhoneSimulator.ActiveCfg = Release|x86
		{8E8E00DA-0887-4F91-BB84-EAAFE4B7AA1E}.AppStore|iPhoneSimulator.Build.0 = Release|x86
		{8E8E00DA-0887-4F91-BB84-EAAFE4B7AA1E}.AppStore|iPhoneSimulator.Deploy.0 = Release|x86
		{8E8E00DA-0887-4F91-BB84-EAAFE4B7AA1E}.AppStore|x64.ActiveCfg = Release|x64
		{8E8E00DA-0887-4F91-BB84-EAAFE4B7AA1E}.AppStore|x64.Build.0 = Release|x64
		{8E8E00DA-0887-4F91-BB84-EAAFE4B7AA1E}.AppStore|x64.Deploy.0 = Release|x64
		{8E8E00DA-0887-4F91-BB84-EAAFE4B7AA1E}.AppStore|x86.ActiveCfg = Release|x86
		{8E8E00DA-0887-4F91-BB84-EAAFE4B7AA1E}.AppStore|x86.Build.0 = Release|x86
		{8E8E00DA-0887-4F91-BB84-EAAFE4B7AA1E}.AppStore|x86.Deploy.0 = Release|x86
		{8E8E00DA-0887-4F91-BB84-EAAFE4B7AA1E}.Debug|Any CPU.ActiveCfg = Debug|x86
		{8E8E00DA-0887-4F91-BB84-EAAFE4B7AA1E}.Debug|ARM.ActiveCfg = Debug|ARM
		{8E8E00DA-0887-4F91-BB84-EAAFE4B7AA1E}.Debug|ARM.Build.0 = Debug|ARM
		{8E8E00DA-0887-4F91-BB84-EAAFE4B7AA1E}.Debug|ARM.Deploy.0 = Debug|ARM
		{8E8E00DA-0887-4F91-BB84-EAAFE4B7AA1E}.Debug|iPhone.ActiveCfg = Debug|x86
		{8E8E00DA-0887-4F91-BB84-EAAFE4B7AA1E}.Debug|iPhoneSimulator.ActiveCfg = Debug|x86
		{8E8E00DA-0887-4F91-BB84-EAAFE4B7AA1E}.Debug|x64.ActiveCfg = Debug|x64
		{8E8E00DA-0887-4F91-BB84-EAAFE4B7AA1E}.Debug|x64.Build.0 = Debug|x64
		{8E8E00DA-0887-4F91-BB84-EAAFE4B7AA1E}.Debug|x64.Deploy.0 = Debug|x64
		{8E8E00DA-0887-4F91-BB84-EAAFE4B7AA1E}.Debug|x86.ActiveCfg = Debug|x86
		{8E8E00DA-0887-4F91-BB84-EAAFE4B7AA1E}.Debug|x86.Build.0 = Debug|x86
		{8E8E00DA-0887-4F91-BB84-EAAFE4B7AA1E}.Debug|x86.Deploy.0 = Debug|x86
		{8E8E00DA-0887-4F91-BB84-EAAFE4B7AA1E}.Release|Any CPU.ActiveCfg = Release|x86
		{8E8E00DA-0887-4F91-BB84-EAAFE4B7AA1E}.Release|ARM.ActiveCfg = Release|ARM
		{8E8E00DA-0887-4F91-BB84-EAAFE4B7AA1E}.Release|ARM.Build.0 = Release|ARM
		{8E8E00DA-0887-4F91-BB84-EAAFE4B7AA1E}.Release|ARM.Deploy.0 = Release|ARM
		{8E8E00DA-0887-4F91-BB84-EAAFE4B7AA1E}.Release|iPhone.ActiveCfg = Release|x86
		{8E8E00DA-0887-4F91-BB84-EAAFE4B7AA1E}.Release|iPhoneSimulator.ActiveCfg = Release|x86
		{8E8E00DA-0887-4F91-BB84-EAAFE4B7AA1E}.Release|x64.ActiveCfg = Release|x64
		{8E8E00DA-0887-4F91-BB84-EAAFE4B7AA1E}.Release|x64.Build.0 = Release|x64
		{8E8E00DA-0887-4F91-BB84-EAAFE4B7AA1E}.Release|x64.Deploy.0 = Release|x64
		{8E8E00DA-0887-4F91-BB84-EAAFE4B7AA1E}.Release|x86.ActiveCfg = Release|x86
		{8E8E00DA-0887-4F91-BB84-EAAFE4B7AA1E}.Release|x86.Build.0 = Release|x86
		{8E8E00DA-0887-4F91-BB84-EAAFE4B7AA1E}.Release|x86.Deploy.0 = Release|x86
		{065E7634-4C82-4CF3-ACDC-5FB8CA404A8A}.Ad-Hoc|Any CPU.ActiveCfg = Release|Any CPU
		{065E7634-4C82-4CF3-ACDC-5FB8CA404A8A}.Ad-Hoc|Any CPU.Build.0 = Release|Any CPU
		{065E7634-4C82-4CF3-ACDC-5FB8CA404A8A}.Ad-Hoc|Any CPU.Deploy.0 = Release|Any CPU
		{065E7634-4C82-4CF3-ACDC-5FB8CA404A8A}.Ad-Hoc|ARM.ActiveCfg = Release|ARM
		{065E7634-4C82-4CF3-ACDC-5FB8CA404A8A}.Ad-Hoc|ARM.Build.0 = Release|ARM
		{065E7634-4C82-4CF3-ACDC-5FB8CA404A8A}.Ad-Hoc|ARM.Deploy.0 = Release|ARM
		{065E7634-4C82-4CF3-ACDC-5FB8CA404A8A}.Ad-Hoc|iPhone.ActiveCfg = Release|Any CPU
		{065E7634-4C82-4CF3-ACDC-5FB8CA404A8A}.Ad-Hoc|iPhone.Build.0 = Release|Any CPU
		{065E7634-4C82-4CF3-ACDC-5FB8CA404A8A}.Ad-Hoc|iPhone.Deploy.0 = Release|Any CPU
		{065E7634-4C82-4CF3-ACDC-5FB8CA404A8A}.Ad-Hoc|iPhoneSimulator.ActiveCfg = Release|Any CPU
		{065E7634-4C82-4CF3-ACDC-5FB8CA404A8A}.Ad-Hoc|iPhoneSimulator.Build.0 = Release|Any CPU
		{065E7634-4C82-4CF3-ACDC-5FB8CA404A8A}.Ad-Hoc|iPhoneSimulator.Deploy.0 = Release|Any CPU
		{065E7634-4C82-4CF3-ACDC-5FB8CA404A8A}.Ad-Hoc|x64.ActiveCfg = Release|x64
		{065E7634-4C82-4CF3-ACDC-5FB8CA404A8A}.Ad-Hoc|x64.Build.0 = Release|x64
		{065E7634-4C82-4CF3-ACDC-5FB8CA404A8A}.Ad-Hoc|x64.Deploy.0 = Release|x64
		{065E7634-4C82-4CF3-ACDC-5FB8CA404A8A}.Ad-Hoc|x86.ActiveCfg = Release|x86
		{065E7634-4C82-4CF3-ACDC-5FB8CA404A8A}.Ad-Hoc|x86.Build.0 = Release|x86
		{065E7634-4C82-4CF3-ACDC-5FB8CA404A8A}.Ad-Hoc|x86.Deploy.0 = Release|x86
		{065E7634-4C82-4CF3-ACDC-5FB8CA404A8A}.AppStore|Any CPU.ActiveCfg = Release|Any CPU
		{065E7634-4C82-4CF3-ACDC-5FB8CA404A8A}.AppStore|Any CPU.Build.0 = Release|Any CPU
		{065E7634-4C82-4CF3-ACDC-5FB8CA404A8A}.AppStore|Any CPU.Deploy.0 = Release|Any CPU
		{065E7634-4C82-4CF3-ACDC-5FB8CA404A8A}.AppStore|ARM.ActiveCfg = Release|ARM
		{065E7634-4C82-4CF3-ACDC-5FB8CA404A8A}.AppStore|ARM.Build.0 = Release|ARM
		{065E7634-4C82-4CF3-ACDC-5FB8CA404A8A}.AppStore|ARM.Deploy.0 = Release|ARM
		{065E7634-4C82-4CF3-ACDC-5FB8CA404A8A}.AppStore|iPhone.ActiveCfg = Release|Any CPU
		{065E7634-4C82-4CF3-ACDC-5FB8CA404A8A}.AppStore|iPhone.Build.0 = Release|Any CPU
		{065E7634-4C82-4CF3-ACDC-5FB8CA404A8A}.AppStore|iPhone.Deploy.0 = Release|Any CPU
		{065E7634-4C82-4CF3-ACDC-5FB8CA404A8A}.AppStore|iPhoneSimulator.ActiveCfg = Release|Any CPU
		{065E7634-4C82-4CF3-ACDC-5FB8CA404A8A}.AppStore|iPhoneSimulator.Build.0 = Release|Any CPU
		{065E7634-4C82-4CF3-ACDC-5FB8CA404A8A}.AppStore|iPhoneSimulator.Deploy.0 = Release|Any CPU
		{065E7634-4C82-4CF3-ACDC-5FB8CA404A8A}.AppStore|x64.ActiveCfg = Release|x64
		{065E7634-4C82-4CF3-ACDC-5FB8CA404A8A}.AppStore|x64.Build.0 = Release|x64
		{065E7634-4C82-4CF3-ACDC-5FB8CA404A8A}.AppStore|x64.Deploy.0 = Release|x64
		{065E7634-4C82-4CF3-ACDC-5FB8CA404A8A}.AppStore|x86.ActiveCfg = Release|x86
		{065E7634-4C82-4CF3-ACDC-5FB8CA404A8A}.AppStore|x86.Build.0 = Release|x86
		{065E7634-4C82-4CF3-ACDC-5FB8CA404A8A}.AppStore|x86.Deploy.0 = Release|x86
		{065E7634-4C82-4CF3-ACDC-5FB8CA404A8A}.Debug|Any CPU.ActiveCfg = Debug|Any CPU
		{065E7634-4C82-4CF3-ACDC-5FB8CA404A8A}.Debug|Any CPU.Build.0 = Debug|Any CPU
		{065E7634-4C82-4CF3-ACDC-5FB8CA404A8A}.Debug|Any CPU.Deploy.0 = Debug|Any CPU
		{065E7634-4C82-4CF3-ACDC-5FB8CA404A8A}.Debug|ARM.ActiveCfg = Debug|ARM
		{065E7634-4C82-4CF3-ACDC-5FB8CA404A8A}.Debug|ARM.Build.0 = Debug|ARM
		{065E7634-4C82-4CF3-ACDC-5FB8CA404A8A}.Debug|ARM.Deploy.0 = Debug|ARM
		{065E7634-4C82-4CF3-ACDC-5FB8CA404A8A}.Debug|iPhone.ActiveCfg = Debug|Any CPU
		{065E7634-4C82-4CF3-ACDC-5FB8CA404A8A}.Debug|iPhone.Build.0 = Debug|Any CPU
		{065E7634-4C82-4CF3-ACDC-5FB8CA404A8A}.Debug|iPhone.Deploy.0 = Debug|Any CPU
		{065E7634-4C82-4CF3-ACDC-5FB8CA404A8A}.Debug|iPhoneSimulator.ActiveCfg = Debug|Any CPU
		{065E7634-4C82-4CF3-ACDC-5FB8CA404A8A}.Debug|iPhoneSimulator.Build.0 = Debug|Any CPU
		{065E7634-4C82-4CF3-ACDC-5FB8CA404A8A}.Debug|iPhoneSimulator.Deploy.0 = Debug|Any CPU
		{065E7634-4C82-4CF3-ACDC-5FB8CA404A8A}.Debug|x64.ActiveCfg = Debug|x64
		{065E7634-4C82-4CF3-ACDC-5FB8CA404A8A}.Debug|x64.Build.0 = Debug|x64
		{065E7634-4C82-4CF3-ACDC-5FB8CA404A8A}.Debug|x64.Deploy.0 = Debug|x64
		{065E7634-4C82-4CF3-ACDC-5FB8CA404A8A}.Debug|x86.ActiveCfg = Debug|x86
		{065E7634-4C82-4CF3-ACDC-5FB8CA404A8A}.Debug|x86.Build.0 = Debug|x86
		{065E7634-4C82-4CF3-ACDC-5FB8CA404A8A}.Debug|x86.Deploy.0 = Debug|x86
		{065E7634-4C82-4CF3-ACDC-5FB8CA404A8A}.Release|Any CPU.ActiveCfg = Release|Any CPU
		{065E7634-4C82-4CF3-ACDC-5FB8CA404A8A}.Release|Any CPU.Build.0 = Release|Any CPU
		{065E7634-4C82-4CF3-ACDC-5FB8CA404A8A}.Release|Any CPU.Deploy.0 = Release|Any CPU
		{065E7634-4C82-4CF3-ACDC-5FB8CA404A8A}.Release|ARM.ActiveCfg = Release|ARM
		{065E7634-4C82-4CF3-ACDC-5FB8CA404A8A}.Release|ARM.Build.0 = Release|ARM
		{065E7634-4C82-4CF3-ACDC-5FB8CA404A8A}.Release|ARM.Deploy.0 = Release|ARM
		{065E7634-4C82-4CF3-ACDC-5FB8CA404A8A}.Release|iPhone.ActiveCfg = Release|Any CPU
		{065E7634-4C82-4CF3-ACDC-5FB8CA404A8A}.Release|iPhone.Build.0 = Release|Any CPU
		{065E7634-4C82-4CF3-ACDC-5FB8CA404A8A}.Release|iPhone.Deploy.0 = Release|Any CPU
		{065E7634-4C82-4CF3-ACDC-5FB8CA404A8A}.Release|iPhoneSimulator.ActiveCfg = Release|Any CPU
		{065E7634-4C82-4CF3-ACDC-5FB8CA404A8A}.Release|iPhoneSimulator.Build.0 = Release|Any CPU
		{065E7634-4C82-4CF3-ACDC-5FB8CA404A8A}.Release|iPhoneSimulator.Deploy.0 = Release|Any CPU
		{065E7634-4C82-4CF3-ACDC-5FB8CA404A8A}.Release|x64.ActiveCfg = Release|x64
		{065E7634-4C82-4CF3-ACDC-5FB8CA404A8A}.Release|x64.Build.0 = Release|x64
		{065E7634-4C82-4CF3-ACDC-5FB8CA404A8A}.Release|x64.Deploy.0 = Release|x64
		{065E7634-4C82-4CF3-ACDC-5FB8CA404A8A}.Release|x86.ActiveCfg = Release|x86
		{065E7634-4C82-4CF3-ACDC-5FB8CA404A8A}.Release|x86.Build.0 = Release|x86
		{065E7634-4C82-4CF3-ACDC-5FB8CA404A8A}.Release|x86.Deploy.0 = Release|x86
	EndGlobalSection
	GlobalSection(SolutionProperties) = preSolution
		HideSolutionNode = FALSE
	EndGlobalSection
EndGlobal
